// !$*UTF8*$!
{
	archiveVersion = 1;
	classes = {
	};
	objectVersion = 77;
	objects = {

/* Begin PBXBuildFile section */
		B3AA000D2D928001003E8625 /* ScreenTimeReport.appex in Embed Extensions */ = {isa = PBXBuildFile; fileRef = B3AA00022D928002003E8625 /* ScreenTimeReport.appex */; settings = {ATTRIBUTES = (RemoveHeadersOnCopy, ); }; };
/* End PBXBuildFile section */

/* Begin PBXContainerItemProxy section */
		B34A73D22D1FA034003E8625 /* PBXContainerItemProxy */ = {
			isa = PBXContainerItemProxy;
			containerPortal = B34A73B92D1FA032003E8625 /* Project object */;
			proxyType = 1;
			remoteGlobalIDString = B34A73C02D1FA032003E8625;
			remoteInfo = Averaged;
		};
		B34A73DC2D1FA034003E8625 /* PBXContainerItemProxy */ = {
			isa = PBXContainerItemProxy;
			containerPortal = B34A73B92D1FA032003E8625 /* Project object */;
			proxyType = 1;
			remoteGlobalIDString = B34A73C02D1FA032003E8625;
			remoteInfo = Averaged;
		};
		B3AA000A2D928003003E8625 /* PBXContainerItemProxy */ = {
			isa = PBXContainerItemProxy;
			containerPortal = B34A73B92D1FA032003E8625 /* Project object */;
			proxyType = 1;
			remoteGlobalIDString = B3AA00062D928006003E8625;
			remoteInfo = ScreenTimeReport;
		};
/* End PBXContainerItemProxy section */

/* Begin PBXCopyFilesBuildPhase section */
		B3AA000C2D928004003E8625 /* Embed Extensions */ = {
			isa = PBXCopyFilesBuildPhase;
			buildActionMask = 2147483647;
			dstPath = "";
			dstSubfolderSpec = 13;
			files = (
				B3AA000D2D928001003E8625 /* ScreenTimeReport.appex in Embed Extensions */,
			);
			name = "Embed Extensions";
			runOnlyForDeploymentPostprocessing = 0;
		};
/* End PBXCopyFilesBuildPhase section */

/* Begin PBXFileReference section */
		B34A73C12D1FA032003E8625 /* Averaged.app */ = {isa = PBXFileReference; explicitFileType = wrapper.application; includeInIndex = 0; path = Averaged.app; sourceTree = BUILT_PRODUCTS_DIR; };
		B34A73D12D1FA034003E8625 /* AveragedTests.xctest */ = {isa = PBXFileReference; explicitFileType = wrapper.cfbundle; includeInIndex = 0; path = AveragedTests.xctest; sourceTree = BUILT_PRODUCTS_DIR; };
		B34A73DB2D1FA034003E8625 /* AveragedUITests.xctest */ = {isa = PBXFileReference; explicitFileType = wrapper.cfbundle; includeInIndex = 0; path = AveragedUITests.xctest; sourceTree = BUILT_PRODUCTS_DIR; };
		B3AA00022D928002003E8625 /* ScreenTimeReport.appex */ = {isa = PBXFileReference; explicitFileType = "wrapper.app-extension"; includeInIndex = 0; path = ScreenTimeReport.appex; sourceTree = BUILT_PRODUCTS_DIR; };
/* End PBXFileReference section */

/* Begin PBXFileSystemSynchronizedRootGroup section */
		B34A73C32D1FA032003E8625 /* Averaged */ = {
			isa = PBXFileSystemSynchronizedRootGroup;
			path = Averaged;
			sourceTree = "<group>";
		};
		B34A73D42D1FA034003E8625 /* AveragedTests */ = {
			isa = PBXFileSystemSynchronizedRootGroup;
			path = AveragedTests;
			sourceTree = "<group>";
		};
		B34A73DE2D1FA034003E8625 /* AveragedUITests */ = {
			isa = PBXFileSystemSynchronizedRootGroup;
			path = AveragedUITests;
			sourceTree = "<group>";
		};
		B3AA00012D928005003E8625 /* ScreenTimeReport */ = {
			isa = PBXFileSystemSynchronizedRootGroup;
			exceptions = (
				B3AA000A2D92800C003E8625 /* PBXFileSystemSynchronizedBuildFileExceptionSet */,
			);
			path = ScreenTimeReport;
			sourceTree = "<group>";
		};
/* End PBXFileSystemSynchronizedRootGroup section */

/* Begin PBXFileSystemSynchronizedBuildFileExceptionSet section */
		B3AA000A2D92800C003E8625 = {
			isa = PBXFileSystemSynchronizedBuildFileExceptionSet;
			membershipExceptions = (
				Info.plist,
			);
			target = B3AA00062D928006003E8625 /* ScreenTimeReport */;
		};
/* End PBXFileSystemSynchronizedBuildFileExceptionSet section */

/* Begin PBXFrameworksBuildPhase section */
		B34A73BE2D1FA032003E8625 /* Frameworks */ = {
			isa = PBXFrameworksBuildPhase;
			buildActionMask = 2147483647;
			files = (
			);
			runOnlyForDeploymentPostprocessing = 0;
		};
		B34A73CE2D1FA034003E8625 /* Frameworks */ = {
			isa = PBXFrameworksBuildPhase;
			buildActionMask = 2147483647;
			files = (
			);
			runOnlyForDeploymentPostprocessing = 0;
		};
		B34A73D82D1FA034003E8625 /* Frameworks */ = {
			isa = PBXFrameworksBuildPhase;
			buildActionMask = 2147483647;
			files = (
			);
			runOnlyForDeploymentPostprocessing = 0;
		};
		B3AA00042D928007003E8625 /* Frameworks */ = {
			isa = PBXFrameworksBuildPhase;
			buildActionMask = 2147483647;
			files = (
			);
			runOnlyForDeploymentPostprocessing = 0;
		};
/* End PBXFrameworksBuildPhase section */

/* Begin PBXGroup section */
		B34A73B82D1FA032003E8625 = {
			isa = PBXGroup;
			children = (
				B34A73C32D1FA032003E8625 /* Averaged */,
				B3AA00012D928005003E8625 /* ScreenTimeReport */,
				B34A73D42D1FA034003E8625 /* AveragedTests */,
				B34A73DE2D1FA034003E8625 /* AveragedUITests */,
				B34A73C22D1FA032003E8625 /* Products */,
			);
			sourceTree = "<group>";
		};
		B34A73C22D1FA032003E8625 /* Products */ = {
			isa = PBXGroup;
			children = (
				B34A73C12D1FA032003E8625 /* Averaged.app */,
				B3AA00022D928002003E8625 /* ScreenTimeReport.appex */,
				B34A73D12D1FA034003E8625 /* AveragedTests.xctest */,
				B34A73DB2D1FA034003E8625 /* AveragedUITests.xctest */,
			);
			name = Products;
			sourceTree = "<group>";
		};
/* End PBXGroup section */

/* Begin PBXNativeTarget section */
		B34A73C02D1FA032003E8625 /* Averaged */ = {
			isa = PBXNativeTarget;
			buildConfigurationList = B34A73E52D1FA034003E8625 /* Build configuration list for PBXNativeTarget "Averaged" */;
			buildPhases = (
				B34A73BD2D1FA032003E8625 /* Sources */,
				B34A73BE2D1FA032003E8625 /* Frameworks */,
				B34A73BF2D1FA032003E8625 /* Resources */,
			);
			buildRules = (
			);
			dependencies = (
			);
			fileSystemSynchronizedGroups = (
				B34A73C32D1FA032003E8625 /* Averaged */,
			);
			name = Averaged;
			packageProductDependencies = (
			);
			productName = Averaged;
			productReference = B34A73C12D1FA032003E8625 /* Averaged.app */;
			productType = "com.apple.product-type.application";
		};
		B34A73D02D1FA034003E8625 /* AveragedTests */ = {
			isa = PBXNativeTarget;
			buildConfigurationList = B34A73E82D1FA034003E8625 /* Build configuration list for PBXNativeTarget "AveragedTests" */;
			buildPhases = (
				B34A73CD2D1FA034003E8625 /* Sources */,
				B34A73CE2D1FA034003E8625 /* Frameworks */,
				B34A73CF2D1FA034003E8625 /* Resources */,
			);
			buildRules = (
			);
			dependencies = (
				B34A73D32D1FA034003E8625 /* PBXTargetDependency */,
			);
			fileSystemSynchronizedGroups = (
				B34A73D42D1FA034003E8625 /* AveragedTests */,
			);
			name = AveragedTests;
			packageProductDependencies = (
			);
			productName = AveragedTests;
			productReference = B34A73D12D1FA034003E8625 /* AveragedTests.xctest */;
			productType = "com.apple.product-type.bundle.unit-test";
		};
		B34A73DA2D1FA034003E8625 /* AveragedUITests */ = {
			isa = PBXNativeTarget;
			buildConfigurationList = B34A73EB2D1FA034003E8625 /* Build configuration list for PBXNativeTarget "AveragedUITests" */;
			buildPhases = (
				B34A73D72D1FA034003E8625 /* Sources */,
				B34A73D82D1FA034003E8625 /* Frameworks */,
				B34A73D92D1FA034003E8625 /* Resources */,
			);
			buildRules = (
			);
			dependencies = (
				B34A73DD2D1FA034003E8625 /* PBXTargetDependency */,
			);
			fileSystemSynchronizedGroups = (
				B34A73DE2D1FA034003E8625 /* AveragedUITests */,
			);
			name = AveragedUITests;
			packageProductDependencies = (
			);
			productName = AveragedUITests;
			productReference = B34A73DB2D1FA034003E8625 /* AveragedUITests.xctest */;
			productType = "com.apple.product-type.bundle.ui-testing";
		};
		B3AA00062D928006003E8625 /* ScreenTimeReport */ = {
			isa = PBXNativeTarget;
			buildConfigurationList = B3AA00092D928009003E8625 /* Build configuration list for PBXNativeTarget "ScreenTimeReport" */;
			buildPhases = (
				B3AA00032D92800A003E8625 /* Sources */,
				B3AA00042D928007003E8625 /* Frameworks */,
				B3AA00052D92800B003E8625 /* Resources */,
			);
			buildRules = (
			);
			dependencies = (
			);
			fileSystemSynchronizedGroups = (
				B3AA00012D928005003E8625 /* ScreenTimeReport */,
			);
			name = ScreenTimeReport;
			packageProductDependencies = (
			);
			productName = ScreenTimeReport;
			productReference = B3AA00022D928002003E8625 /* ScreenTimeReport.appex */;
			productType = "com.apple.product-type.app-extension";
		};
/* End PBXNativeTarget section */

/* Begin PBXProject section */
		B34A73B92D1FA032003E8625 /* Project object */ = {
			isa = PBXProject;
			attributes = {
				BuildIndependentTargetsInParallel = 1;
				LastSwiftUpdateCheck = 1620;
				LastUpgradeCheck = 1620;
				TargetAttributes = {
					B34A73C02D1FA032003E8625 = {
						CreatedOnToolsVersion = 16.2;
					};
					B34A73D02D1FA034003E8625 = {
						CreatedOnToolsVersion = 16.2;
						TestTargetID = B34A73C02D1FA032003E8625;
					};
					B34A73DA2D1FA034003E8625 = {
						CreatedOnToolsVersion = 16.2;
						TestTargetID = B34A73C02D1FA032003E8625;
					};
					B3AA00062D928006003E8625 = {
						CreatedOnToolsVersion = 16.2;
					};
				};
			};
			buildConfigurationList = B34A73BC2D1FA032003E8625 /* Build configuration list for PBXProject "Averaged" */;
			developmentRegion = en;
			hasScannedForEncodings = 0;
			knownRegions = (
				en,
				Base,
			);
			mainGroup = B34A73B82D1FA032003E8625;
			minimizedProjectReferenceProxies = 1;
			preferredProjectObjectVersion = 77;
			productRefGroup = B34A73C22D1FA032003E8625 /* Products */;
			projectDirPath = "";
			projectRoot = "";
			targets = (
				B34A73C02D1FA032003E8625 /* Averaged */,
				B3AA00062D928006003E8625 /* ScreenTimeReport */,
				B34A73D02D1FA034003E8625 /* AveragedTests */,
				B34A73DA2D1FA034003E8625 /* AveragedUITests */,
			);
		};
/* End PBXProject section */

/* Begin PBXResourcesBuildPhase section */
		B34A73BF2D1FA032003E8625 /* Resources */ = {
			isa = PBXResourcesBuildPhase;
			buildActionMask = 2147483647;
			files = (
			);
			runOnlyForDeploymentPostprocessing = 0;
		};
		B34A73CF2D1FA034003E8625 /* Resources */ = {
			isa = PBXResourcesBuildPhase;
			buildActionMask = 2147483647;
			files = (
			);
			runOnlyForDeploymentPostprocessing = 0;
		};
		B34A73D92D1FA034003E8625 /* Resources */ = {
			isa = PBXResourcesBuildPhase;
			buildActionMask = 2147483647;
			files = (
			);
			runOnlyForDeploymentPostprocessing = 0;
		};
		B3AA00052D92800B003E8625 /* Resources */ = {
			isa = PBXResourcesBuildPhase;
			buildActionMask = 2147483647;
			files = (
			);
			runOnlyForDeploymentPostprocessing = 0;
		};
/* End PBXResourcesBuildPhase section */

/* Begin PBXSourcesBuildPhase section */
		B34A73BD2D1FA032003E8625 /* Sources */ = {
			isa = PBXSourcesBuildPhase;
			buildActionMask = 2147483647;
			files = (
			);
			runOnlyForDeploymentPostprocessing = 0;
		};
		B34A73CD2D1FA034003E8625 /* Sources */ = {
			isa = PBXSourcesBuildPhase;
			buildActionMask = 2147483647;
			files = (
			);
			runOnlyForDeploymentPostprocessing = 0;
		};
		B34A73D72D1FA034003E8625 /* Sources */ = {
			isa = PBXSourcesBuildPhase;
			buildActionMask = 2147483647;
			files = (
			);
			runOnlyForDeploymentPostprocessing = 0;
		};
		B3AA00032D92800A003E8625 /* Sources */ = {
			isa = PBXSourcesBuildPhase;
			buildActionMask = 2147483647;
			files = (
			);
			runOnlyForDeploymentPostprocessing = 0;
		};
/* End PBXSourcesBuildPhase section */

/* Begin PBXTargetDependency section */
		B34A73D32D1FA034003E8625 /* PBXTargetDependency */ = {
			isa = PBXTargetDependency;
			target = B34A73C02D1FA032003E8625 /* Averaged */;
			targetProxy = B34A73D22D1FA034003E8625 /* PBXContainerItemProxy */;
		};
		B34A73DD2D1FA034003E8625 /* PBXTargetDependency */ = {
			isa = PBXTargetDependency;
			target = B34A73C02D1FA032003E8625 /* Averaged */;
			targetProxy = B34A73DC2D1FA034003E8625 /* PBXContainerItemProxy */;
		};
		B3AA000B2D928008003E8625 /* PBXTargetDependency */ = {
			isa = PBXTargetDependency;
			target = B3AA00062D928006003E8625 /* ScreenTimeReport */;
			targetProxy = B3AA000A2D928003003E8625 /* PBXContainerItemProxy */;
		};
/* End PBXTargetDependency section */

/* Begin XCBuildConfiguration section */
		B34A73E32D1FA034003E8625 /* Debug */ = {
			isa = XCBuildConfiguration;
			buildSettings = {
				ALWAYS_SEARCH_USER_PATHS = NO;
				ASSETCATALOG_COMPILER_GENERATE_SWIFT_ASSET_SYMBOL_EXTENSIONS = YES;
				CLANG_ANALYZER_NONNULL = YES;
				CLANG_ANALYZER_NUMBER_OBJECT_CONVERSION = YES_AGGRESSIVE;
				CLANG_CXX_LANGUAGE_STANDARD = "gnu++20";
				CLANG_ENABLE_MODULES = YES;
				CLANG_ENABLE_OBJC_ARC = YES;
				CLANG_ENABLE_OBJC_WEAK = YES;
				CLANG_WARN_BLOCK_CAPTURE_AUTORELEASING = YES;
				CLANG_WARN_BOOL_CONVERSION = YES;
				CLANG_WARN_COMMA = YES;
				CLANG_WARN_CONSTANT_CONVERSION = YES;
				CLANG_WARN_DEPRECATED_OBJC_IMPLEMENTATIONS = YES;
				CLANG_WARN_DIRECT_OBJC_ISA_USAGE = YES_ERROR;
				CLANG_WARN_DOCUMENTATION_COMMENTS = YES;
				CLANG_WARN_EMPTY_BODY = YES;
				CLANG_WARN_ENUM_CONVERSION = YES;
				CLANG_WARN_INFINITE_RECURSION = YES;
				CLANG_WARN_INT_CONVERSION = YES;
				CLANG_WARN_NON_LITERAL_NULL_CONVERSION = YES;
				CLANG_WARN_OBJC_IMPLICIT_RETAIN_SELF = YES;
				CLANG_WARN_OBJC_LITERAL_CONVERSION = YES;
				CLANG_WARN_OBJC_ROOT_CLASS = YES_ERROR;
				CLANG_WARN_QUOTED_INCLUDE_IN_FRAMEWORK_HEADER = YES;
				CLANG_WARN_RANGE_LOOP_ANALYSIS = YES;
				CLANG_WARN_STRICT_PROTOTYPES = YES;
				CLANG_WARN_SUSPICIOUS_MOVE = YES;
				CLANG_WARN_UNGUARDED_AVAILABILITY = YES_AGGRESSIVE;
				CLANG_WARN_UNREACHABLE_CODE = YES;
				CLANG_WARN__DUPLICATE_METHOD_MATCH = YES;
				COPY_PHASE_STRIP = NO;
				DEBUG_INFORMATION_FORMAT = dwarf;
				ENABLE_STRICT_OBJC_MSGSEND = YES;
				ENABLE_TESTABILITY = YES;
				ENABLE_USER_SCRIPT_SANDBOXING = YES;
				GCC_C_LANGUAGE_STANDARD = gnu17;
				GCC_DYNAMIC_NO_PIC = NO;
				GCC_NO_COMMON_BLOCKS = YES;
				GCC_OPTIMIZATION_LEVEL = 0;
				GCC_PREPROCESSOR_DEFINITIONS = (
					"DEBUG=1",
					"$(inherited)",
				);
				GCC_WARN_64_TO_32_BIT_CONVERSION = YES;
				GCC_WARN_ABOUT_RETURN_TYPE = YES_ERROR;
				GCC_WARN_UNDECLARED_SELECTOR = YES;
				GCC_WARN_UNINITIALIZED_AUTOS = YES_AGGRESSIVE;
				GCC_WARN_UNUSED_FUNCTION = YES;
				GCC_WARN_UNUSED_VARIABLE = YES;
				IPHONEOS_DEPLOYMENT_TARGET = 18.2;
				LOCALIZATION_PREFERS_STRING_CATALOGS = YES;
				MTL_ENABLE_DEBUG_INFO = INCLUDE_SOURCE;
				MTL_FAST_MATH = YES;
				ONLY_ACTIVE_ARCH = YES;
				SDKROOT = iphoneos;
				SWIFT_ACTIVE_COMPILATION_CONDITIONS = "DEBUG $(inherited)";
				SWIFT_OPTIMIZATION_LEVEL = "-Onone";
			};
			name = Debug;
		};
		B34A73E42D1FA034003E8625 /* Release */ = {
			isa = XCBuildConfiguration;
			buildSettings = {
				ALWAYS_SEARCH_USER_PATHS = NO;
				ASSETCATALOG_COMPILER_GENERATE_SWIFT_ASSET_SYMBOL_EXTENSIONS = YES;
				CLANG_ANALYZER_NONNULL = YES;
				CLANG_ANALYZER_NUMBER_OBJECT_CONVERSION = YES_AGGRESSIVE;
				CLANG_CXX_LANGUAGE_STANDARD = "gnu++20";
				CLANG_ENABLE_MODULES = YES;
				CLANG_ENABLE_OBJC_ARC = YES;
				CLANG_ENABLE_OBJC_WEAK = YES;
				CLANG_WARN_BLOCK_CAPTURE_AUTORELEASING = YES;
				CLANG_WARN_BOOL_CONVERSION = YES;
				CLANG_WARN_COMMA = YES;
				CLANG_WARN_CONSTANT_CONVERSION = YES;
				CLANG_WARN_DEPRECATED_OBJC_IMPLEMENTATIONS = YES;
				CLANG_WARN_DIRECT_OBJC_ISA_USAGE = YES_ERROR;
				CLANG_WARN_DOCUMENTATION_COMMENTS = YES;
				CLANG_WARN_EMPTY_BODY = YES;
				CLANG_WARN_ENUM_CONVERSION = YES;
				CLANG_WARN_INFINITE_RECURSION = YES;
				CLANG_WARN_INT_CONVERSION = YES;
				CLANG_WARN_NON_LITERAL_NULL_CONVERSION = YES;
				CLANG_WARN_OBJC_IMPLICIT_RETAIN_SELF = YES;
				CLANG_WARN_OBJC_LITERAL_CONVERSION = YES;
				CLANG_WARN_OBJC_ROOT_CLASS = YES_ERROR;
				CLANG_WARN_QUOTED_INCLUDE_IN_FRAMEWORK_HEADER = YES;
				CLANG_WARN_RANGE_LOOP_ANALYSIS = YES;
				CLANG_WARN_STRICT_PROTOTYPES = YES;
				CLANG_WARN_SUSPICIOUS_MOVE = YES;
				CLANG_WARN_UNGUARDED_AVAILABILITY = YES_AGGRESSIVE;
				CLANG_WARN_UNREACHABLE_CODE = YES;
				CLANG_WARN__DUPLICATE_METHOD_MATCH = YES;
				COPY_PHASE_STRIP = NO;
				DEBUG_INFORMATION_FORMAT = "dwarf-with-dsym";
				ENABLE_NS_ASSERTIONS = NO;
				ENABLE_STRICT_OBJC_MSGSEND = YES;
				ENABLE_USER_SCRIPT_SANDBOXING = YES;
				GCC_C_LANGUAGE_STANDARD = gnu17;
				GCC_NO_COMMON_BLOCKS = YES;
				GCC_WARN_64_TO_32_BIT_CONVERSION = YES;
				GCC_WARN_ABOUT_RETURN_TYPE = YES_ERROR;
				GCC_WARN_UNDECLARED_SELECTOR = YES;
				GCC_WARN_UNINITIALIZED_AUTOS = YES_AGGRESSIVE;
				GCC_WARN_UNUSED_FUNCTION = YES;
				GCC_WARN_UNUSED_VARIABLE = YES;
				IPHONEOS_DEPLOYMENT_TARGET = 18.2;
				LOCALIZATION_PREFERS_STRING_CATALOGS = YES;
				MTL_ENABLE_DEBUG_INFO = NO;
				MTL_FAST_MATH = YES;
				SDKROOT = iphoneos;
				SWIFT_COMPILATION_MODE = wholemodule;
				VALIDATE_PRODUCT = YES;
			};
			name = Release;
		};
		B34A73E62D1FA034003E8625 /* Debug */ = {
			isa = XCBuildConfiguration;
			buildSettings = {
				ASSETCATALOG_COMPILER_APPICON_NAME = AppIcon;
				ASSETCATALOG_COMPILER_GLOBAL_ACCENT_COLOR_NAME = AccentColor;
				CODE_SIGN_ENTITLEMENTS = Averaged/Averaged.entitlements;
				CODE_SIGN_STYLE = Automatic;
				CURRENT_PROJECT_VERSION = 7;
				DEVELOPMENT_ASSET_PATHS = "\"Averaged/Preview Content\"";
				DEVELOPMENT_TEAM = F2B95Q4CT8;
				ENABLE_PREVIEWS = YES;
				GENERATE_INFOPLIST_FILE = YES;
				INFOPLIST_KEY_CFBundleDisplayName = Averaged;
				INFOPLIST_KEY_LSApplicationCategoryType = "public.app-category.lifestyle";
				INFOPLIST_KEY_NSHealthShareUsageDescription = "This app requires access to your Health data to display wake-up times";
				INFOPLIST_KEY_NSHealthUpdateUsageDescription = "This app requires access to your Health data to display wake-up times";
				INFOPLIST_KEY_UIApplicationSceneManifest_Generation = YES;
				INFOPLIST_KEY_UIApplicationSupportsIndirectInputEvents = YES;
				INFOPLIST_KEY_UILaunchScreen_Generation = YES;
				INFOPLIST_KEY_UIRequiresFullScreen = YES;
				INFOPLIST_KEY_UISupportedInterfaceOrientations = "UIInterfaceOrientationPortrait UIInterfaceOrientationPortraitUpsideDown";
				LD_RUNPATH_SEARCH_PATHS = (
					"$(inherited)",
					"@executable_path/Frameworks",
				);
				MARKETING_VERSION = 1.4;
				PRODUCT_BUNDLE_IDENTIFIER = com.conjfrnk.Averaged;
				PRODUCT_NAME = "$(TARGET_NAME)";
				SWIFT_EMIT_LOC_STRINGS = YES;
				SWIFT_VERSION = 5.0;
				TARGETED_DEVICE_FAMILY = "1,2";
			};
			name = Debug;
		};
		B34A73E72D1FA034003E8625 /* Release */ = {
			isa = XCBuildConfiguration;
			buildSettings = {
				ASSETCATALOG_COMPILER_APPICON_NAME = AppIcon;
				ASSETCATALOG_COMPILER_GLOBAL_ACCENT_COLOR_NAME = AccentColor;
				CODE_SIGN_ENTITLEMENTS = Averaged/Averaged.entitlements;
				CODE_SIGN_STYLE = Automatic;
				CURRENT_PROJECT_VERSION = 7;
				DEVELOPMENT_ASSET_PATHS = "\"Averaged/Preview Content\"";
				DEVELOPMENT_TEAM = F2B95Q4CT8;
				ENABLE_PREVIEWS = YES;
				GENERATE_INFOPLIST_FILE = YES;
				INFOPLIST_KEY_CFBundleDisplayName = Averaged;
				INFOPLIST_KEY_LSApplicationCategoryType = "public.app-category.lifestyle";
				INFOPLIST_KEY_NSHealthShareUsageDescription = "This app requires access to your Health data to display wake-up times";
				INFOPLIST_KEY_NSHealthUpdateUsageDescription = "This app requires access to your Health data to display wake-up times";
				INFOPLIST_KEY_UIApplicationSceneManifest_Generation = YES;
				INFOPLIST_KEY_UIApplicationSupportsIndirectInputEvents = YES;
				INFOPLIST_KEY_UILaunchScreen_Generation = YES;
				INFOPLIST_KEY_UIRequiresFullScreen = YES;
				INFOPLIST_KEY_UISupportedInterfaceOrientations = "UIInterfaceOrientationPortrait UIInterfaceOrientationPortraitUpsideDown";
				LD_RUNPATH_SEARCH_PATHS = (
					"$(inherited)",
					"@executable_path/Frameworks",
				);
				MARKETING_VERSION = 1.4;
				PRODUCT_BUNDLE_IDENTIFIER = com.conjfrnk.Averaged;
				PRODUCT_NAME = "$(TARGET_NAME)";
				SWIFT_EMIT_LOC_STRINGS = YES;
				SWIFT_VERSION = 5.0;
				TARGETED_DEVICE_FAMILY = "1,2";
			};
			name = Release;
		};
		B34A73E92D1FA034003E8625 /* Debug */ = {
			isa = XCBuildConfiguration;
			buildSettings = {
				BUNDLE_LOADER = "$(TEST_HOST)";
				CODE_SIGN_STYLE = Automatic;
				CURRENT_PROJECT_VERSION = 2;
				DEVELOPMENT_TEAM = F2B95Q4CT8;
				GENERATE_INFOPLIST_FILE = YES;
				IPHONEOS_DEPLOYMENT_TARGET = 18.2;
				MARKETING_VERSION = 1.0;
				PRODUCT_BUNDLE_IDENTIFIER = com.conjfrnk.AveragedTests;
				PRODUCT_NAME = "$(TARGET_NAME)";
				SWIFT_EMIT_LOC_STRINGS = NO;
				SWIFT_VERSION = 5.0;
				TARGETED_DEVICE_FAMILY = "1,2";
				TEST_HOST = "$(BUILT_PRODUCTS_DIR)/Averaged.app/$(BUNDLE_EXECUTABLE_FOLDER_PATH)/Averaged";
			};
			name = Debug;
		};
		B34A73EA2D1FA034003E8625 /* Release */ = {
			isa = XCBuildConfiguration;
			buildSettings = {
				BUNDLE_LOADER = "$(TEST_HOST)";
				CODE_SIGN_STYLE = Automatic;
				CURRENT_PROJECT_VERSION = 2;
				DEVELOPMENT_TEAM = F2B95Q4CT8;
				GENERATE_INFOPLIST_FILE = YES;
				IPHONEOS_DEPLOYMENT_TARGET = 18.2;
				MARKETING_VERSION = 1.0;
				PRODUCT_BUNDLE_IDENTIFIER = com.conjfrnk.AveragedTests;
				PRODUCT_NAME = "$(TARGET_NAME)";
				SWIFT_EMIT_LOC_STRINGS = NO;
				SWIFT_VERSION = 5.0;
				TARGETED_DEVICE_FAMILY = "1,2";
				TEST_HOST = "$(BUILT_PRODUCTS_DIR)/Averaged.app/$(BUNDLE_EXECUTABLE_FOLDER_PATH)/Averaged";
			};
			name = Release;
		};
		B34A73EC2D1FA034003E8625 /* Debug */ = {
			isa = XCBuildConfiguration;
			buildSettings = {
				CODE_SIGN_STYLE = Automatic;
				CURRENT_PROJECT_VERSION = 2;
				DEVELOPMENT_TEAM = F2B95Q4CT8;
				GENERATE_INFOPLIST_FILE = YES;
				MARKETING_VERSION = 1.0;
				PRODUCT_BUNDLE_IDENTIFIER = com.conjfrnk.AveragedUITests;
				PRODUCT_NAME = "$(TARGET_NAME)";
				SWIFT_EMIT_LOC_STRINGS = NO;
				SWIFT_VERSION = 5.0;
				TARGETED_DEVICE_FAMILY = "1,2";
				TEST_TARGET_NAME = Averaged;
			};
			name = Debug;
		};
		B34A73ED2D1FA034003E8625 /* Release */ = {
			isa = XCBuildConfiguration;
			buildSettings = {
				CODE_SIGN_STYLE = Automatic;
				CURRENT_PROJECT_VERSION = 2;
				DEVELOPMENT_TEAM = F2B95Q4CT8;
				GENERATE_INFOPLIST_FILE = YES;
				MARKETING_VERSION = 1.0;
				PRODUCT_BUNDLE_IDENTIFIER = com.conjfrnk.AveragedUITests;
				PRODUCT_NAME = "$(TARGET_NAME)";
				SWIFT_EMIT_LOC_STRINGS = NO;
				SWIFT_VERSION = 5.0;
				TARGETED_DEVICE_FAMILY = "1,2";
				TEST_TARGET_NAME = Averaged;
			};
			name = Release;
		};
		B3AA00072D92800C003E8625 /* Debug */ = {
			isa = XCBuildConfiguration;
			buildSettings = {
				CODE_SIGN_ENTITLEMENTS = ScreenTimeReport/ScreenTimeReport.entitlements;
				CODE_SIGN_STYLE = Automatic;
				CURRENT_PROJECT_VERSION = 7;
				DEVELOPMENT_TEAM = F2B95Q4CT8;
				GENERATE_INFOPLIST_FILE = YES;
				INFOPLIST_FILE = ScreenTimeReport/Info.plist;
				INFOPLIST_KEY_CFBundleDisplayName = ScreenTimeReport;
				INFOPLIST_KEY_NSHumanReadableCopyright = "";
				IPHONEOS_DEPLOYMENT_TARGET = 18.2;
				LD_RUNPATH_SEARCH_PATHS = (
					"$(inherited)",
					"@executable_path/Frameworks",
					"@executable_path/../../Frameworks",
				);
				MARKETING_VERSION = 1.4;
				PRODUCT_BUNDLE_IDENTIFIER = com.conjfrnk.Averaged.ScreenTimeReport;
				PRODUCT_NAME = "$(TARGET_NAME)";
				SKIP_INSTALL = YES;
				SWIFT_EMIT_LOC_STRINGS = YES;
				SWIFT_VERSION = 5.0;
				TARGETED_DEVICE_FAMILY = "1,2";
			};
			name = Debug;
		};
		B3AA00082D92800D003E8625 /* Release */ = {
			isa = XCBuildConfiguration;
			buildSettings = {
				CODE_SIGN_ENTITLEMENTS = ScreenTimeReport/ScreenTimeReport.entitlements;
				CODE_SIGN_STYLE = Automatic;
				CURRENT_PROJECT_VERSION = 7;
				DEVELOPMENT_TEAM = F2B95Q4CT8;
				GENERATE_INFOPLIST_FILE = YES;
				INFOPLIST_FILE = ScreenTimeReport/Info.plist;
				INFOPLIST_KEY_CFBundleDisplayName = ScreenTimeReport;
				INFOPLIST_KEY_NSHumanReadableCopyright = "";
				IPHONEOS_DEPLOYMENT_TARGET = 18.2;
				LD_RUNPATH_SEARCH_PATHS = (
					"$(inherited)",
					"@executable_path/Frameworks",
					"@executable_path/../../Frameworks",
				);
				MARKETING_VERSION = 1.4;
				PRODUCT_BUNDLE_IDENTIFIER = com.conjfrnk.Averaged.ScreenTimeReport;
				PRODUCT_NAME = "$(TARGET_NAME)";
				SKIP_INSTALL = YES;
				SWIFT_EMIT_LOC_STRINGS = YES;
				SWIFT_VERSION = 5.0;
				TARGETED_DEVICE_FAMILY = "1,2";
			};
			name = Release;
		};
/* End XCBuildConfiguration section */

/* Begin XCConfigurationList section */
		B34A73BC2D1FA032003E8625 /* Build configuration list for PBXProject "Averaged" */ = {
			isa = XCConfigurationList;
			buildConfigurations = (
				B34A73E32D1FA034003E8625 /* Debug */,
				B34A73E42D1FA034003E8625 /* Release */,
			);
			defaultConfigurationIsVisible = 0;
			defaultConfigurationName = Release;
		};
		B34A73E52D1FA034003E8625 /* Build configuration list for PBXNativeTarget "Averaged" */ = {
			isa = XCConfigurationList;
			buildConfigurations = (
				B34A73E62D1FA034003E8625 /* Debug */,
				B34A73E72D1FA034003E8625 /* Release */,
			);
			defaultConfigurationIsVisible = 0;
			defaultConfigurationName = Release;
		};
		B34A73E82D1FA034003E8625 /* Build configuration list for PBXNativeTarget "AveragedTests" */ = {
			isa = XCConfigurationList;
			buildConfigurations = (
				B34A73E92D1FA034003E8625 /* Debug */,
				B34A73EA2D1FA034003E8625 /* Release */,
			);
			defaultConfigurationIsVisible = 0;
			defaultConfigurationName = Release;
		};
		B34A73EB2D1FA034003E8625 /* Build configuration list for PBXNativeTarget "AveragedUITests" */ = {
			isa = XCConfigurationList;
			buildConfigurations = (
				B34A73EC2D1FA034003E8625 /* Debug */,
				B34A73ED2D1FA034003E8625 /* Release */,
			);
			defaultConfigurationIsVisible = 0;
			defaultConfigurationName = Release;
		};
		B3AA00092D928009003E8625 /* Build configuration list for PBXNativeTarget "ScreenTimeReport" */ = {
			isa = XCConfigurationList;
			buildConfigurations = (
				B3AA00072D92800C003E8625 /* Debug */,
				B3AA00082D92800D003E8625 /* Release */,
			);
			defaultConfigurationIsVisible = 0;
			defaultConfigurationName = Release;
		};
/* End XCConfigurationList section */
	};
	rootObject = B34A73B92D1FA032003E8625 /* Project object */;
}
